{
    "_readme": [
        "This file locks the dependencies of your project to a known state",
        "Read more about it at https://getcomposer.org/doc/01-basic-usage.md#composer-lock-the-lock-file",
        "This file is @generated automatically"
    ],
    "content-hash": "aa47966da69575ab72ac87fde3df4cfc",
    "packages": [
        {
            "name": "rezzza/flickr",
            "version": "v1.1.0",
            "source": {
                "type": "git",
                "url": "https://github.com/rezzza/flickr.git",
                "reference": "97bf6ce57614ac793a6aaecf887a0da1dcc9c281"
            },
            "dist": {
                "type": "zip",
                "url": "https://api.github.com/repos/rezzza/flickr/zipball/97bf6ce57614ac793a6aaecf887a0da1dcc9c281",
                "reference": "97bf6ce57614ac793a6aaecf887a0da1dcc9c281",
                "shasum": ""
            },
            "require": {
                "php": ">=5.3.2"
            },
            "require-dev": {
                "guzzle/http": "3.*",
                "phpunit/phpunit": "3.7.32"
            },
            "suggest": {
                "guzzle/guzzle": "HTTP wrapper",
                "guzzle/http": "Guzzle Adapter for http requests"
            },
            "type": "standalone",
            "extra": {
                "branch-alias": {
                    "dev-master": "1.0.x-dev"
                }
            },
            "autoload": {
                "psr-0": {
                    "Rezzza\\Flickr": "src/"
                }
            },
            "notification-url": "https://packagist.org/downloads/",
            "license": [
                "MIT"
            ],
            "authors": [
                {
                    "name": "Community contributors",
                    "homepage": "https://github.com/rezzza/flickr/contributors"
                }
            ],
            "description": "Flickr API Wrapper",
            "homepage": "https://github.com/rezzza/flickr",
            "keywords": [
                "flickr"
            ],
            "time": "2014-02-26T09:18:38+00:00"
        }
    ],
    "packages-dev": [],
    "aliases": [],
    "minimum-stability": "stable",
    "stability-flags": [],
    "prefer-stable": false,
    "prefer-lowest": false,
    "platform": [],
    "platform-dev": []
}
